
Microsoft Visual Studio Solution File, Format Version 12.00
# Visual Studio Version 16
VisualStudioVersion = 16.0.32602.291
MinimumVisualStudioVersion = 10.0.40219.1
Project("{A07B5EB6-E848-4116-A8D0-A826331D98C6}") = "ML_POC_AppointSlotsAPI", "ML_POC_AppointSlotsAPI.sfproj", "{95A3DEBB-A455-428E-B970-F1844BB13E55}"
EndProject
Project("{FAE04EC0-301F-11D3-BF4B-00C04F79EFBC}") = "ML_API_AppSlot_Services", "..\ML_API_AppSlot_Services\ML_API_AppSlot_Services.csproj", "{57D29D2B-62E5-4D48-9768-C7D9A50CF52C}"
EndProject
Global
	GlobalSection(SolutionConfigurationPlatforms) = preSolution
		Debug|Any CPU = Debug|Any CPU
		Debug|x64 = Debug|x64
		Release|Any CPU = Release|Any CPU
		Release|x64 = Release|x64
	EndGlobalSection
	GlobalSection(ProjectConfigurationPlatforms) = postSolution
		{95A3DEBB-A455-428E-B970-F1844BB13E55}.Debug|Any CPU.ActiveCfg = Debug|x64
		{95A3DEBB-A455-428E-B970-F1844BB13E55}.Debug|x64.ActiveCfg = Debug|x64
		{95A3DEBB-A455-428E-B970-F1844BB13E55}.Debug|x64.Build.0 = Debug|x64
		{95A3DEBB-A455-428E-B970-F1844BB13E55}.Debug|x64.Deploy.0 = Debug|x64
		{95A3DEBB-A455-428E-B970-F1844BB13E55}.Release|Any CPU.ActiveCfg = Release|x64
		{95A3DEBB-A455-428E-B970-F1844BB13E55}.Release|x64.ActiveCfg = Release|x64
		{95A3DEBB-A455-428E-B970-F1844BB13E55}.Release|x64.Build.0 = Release|x64
		{95A3DEBB-A455-428E-B970-F1844BB13E55}.Release|x64.Deploy.0 = Release|x64
		{57D29D2B-62E5-4D48-9768-C7D9A50CF52C}.Debug|Any CPU.ActiveCfg = Debug|Any CPU
		{57D29D2B-62E5-4D48-9768-C7D9A50CF52C}.Debug|Any CPU.Build.0 = Debug|Any CPU
		{57D29D2B-62E5-4D48-9768-C7D9A50CF52C}.Debug|x64.ActiveCfg = Debug|Any CPU
		{57D29D2B-62E5-4D48-9768-C7D9A50CF52C}.Debug|x64.Build.0 = Debug|Any CPU
		{57D29D2B-62E5-4D48-9768-C7D9A50CF52C}.Release|Any CPU.ActiveCfg = Release|Any CPU
		{57D29D2B-62E5-4D48-9768-C7D9A50CF52C}.Release|Any CPU.Build.0 = Release|Any CPU
		{57D29D2B-62E5-4D48-9768-C7D9A50CF52C}.Release|x64.ActiveCfg = Release|Any CPU
		{57D29D2B-62E5-4D48-9768-C7D9A50CF52C}.Release|x64.Build.0 = Release|Any CPU
	EndGlobalSection
	GlobalSection(SolutionProperties) = preSolution
		HideSolutionNode = FALSE
	EndGlobalSection
	GlobalSection(ExtensibilityGlobals) = postSolution
		SolutionGuid = {FE520272-6FAE-49B3-93A7-B19FF330C595}
	EndGlobalSection
EndGlobal
